
Microsoft Visual Studio Solution File, Format Version 12.00
# Visual Studio Version 17
VisualStudioVersion = 17.11.35222.181
MinimumVisualStudioVersion = 10.0.40219.1
Project("{888888A0-9F3D-457C-B088-3A5042F75D52}") = "PythonApplication14", "PythonApplication14\PythonApplication14.pyproj", "{FB565265-D16D-424E-A046-02EF3FFFA5CC}"
EndProject
Global
	GlobalSection(SolutionConfigurationPlatforms) = preSolution
		Debug|Any CPU = Debug|Any CPU
		Release|Any CPU = Release|Any CPU
	EndGlobalSection
	GlobalSection(ProjectConfigurationPlatforms) = postSolution
		{FB565265-D16D-424E-A046-02EF3FFFA5CC}.Debug|Any CPU.ActiveCfg = Debug|Any CPU
		{FB565265-D16D-424E-A046-02EF3FFFA5CC}.Release|Any CPU.ActiveCfg = Release|Any CPU
	EndGlobalSection
	GlobalSection(SolutionProperties) = preSolution
		HideSolutionNode = FALSE
	EndGlobalSection
	GlobalSection(ExtensibilityGlobals) = postSolution
		SolutionGuid = {498C1B77-D68B-4E0B-B5DB-1E252A952D34}
	EndGlobalSection
EndGlobal
